{
  "object": {
    "pins": [
      {
        "package": "SwiftGMP",
        "repositoryURL": "https://github.com/FlamingHoneyBadger/GMP.git",
        "state": {
          "branch": "main",
          "revision": "0d1a169b62011a5a9bdd450a18aa07c8b258a3a3",
          "version": null
        }
      },
      {
        "package": "SwiftSocket",
        "repositoryURL": "https://github.com/klundberg/SwiftSocket/",
        "state": {
          "branch": "swiftpm-support",
          "revision": "968c1163983c36bbead64e15b67baa2e57f2a9ab",
          "version": null
        }
      }
    ]
  },
  "version": 1
}
