{
  "object": {
    "pins": [
      {
        "package": "SwiftGMP",
        "repositoryURL": "https://github.com/FlamingHoneyBadger/GMP.git",
        "state": {
          "branch": null,
          "revision": "7f1f42711c9f143395cc5fb333e22fa24b432304",
          "version": "0.0.7"
        }
      }
    ]
  },
  "version": 1
}
